<?xml version="1.0" encoding="UTF-8" standalone="yes" ?>
<CodeBlocks_project_file>
	<FileVersion major="1" minor="6" />
	<Project>
		<Option title="PooProiect2" />
		<Option pch_mode="2" />
		<Option compiler="gcc" />
		<Build>
			<Target title="Debug">
				<Option output="bin\Debug\PooProiect2" prefix_auto="1" extension_auto="1" />
				<Option object_output="obj\Debug\" />
				<Option type="1" />
				<Option compiler="gcc" />
				<Compiler>
					<Add option="-g" />
				</Compiler>
			</Target>
			<Target title="Release">
				<Option output="bin\Release\PooProiect2" prefix_auto="1" extension_auto="1" />
				<Option object_output="obj\Release\" />
				<Option type="1" />
				<Option compiler="gcc" />
				<Compiler>
					<Add option="-O2" />
				</Compiler>
				<Linker>
					<Add option="-s" />
				</Linker>
			</Target>
		</Build>
		<Compiler>
			<Add option="-Wall" />
			<Add option="-fexceptions" />
		</Compiler>
		<Unit filename="Bere.cpp" />
		<Unit filename="Bere.h" />
		<Unit filename="Cartofi.cpp" />
		<Unit filename="Cartofi.h" />
		<Unit filename="Faina.cpp" />
		<Unit filename="Faina.h" />
		<Unit filename="Jucarii.cpp" />
		<Unit filename="Jucarii.h" />
		<Unit filename="Magazin.h" />
		<Unit filename="Produs.cpp" />
		<Unit filename="Produs.h" />
		<Unit filename="Varza.cpp" />
		<Unit filename="Varza.h" />
		<Unit filename="Vin.cpp" />
		<Unit filename="Vin.h" />
		<Unit filename="main.cpp" />
		<Extensions>
			<code_completion />
			<envvars />
			<debugger />
			<lib_finder disable_auto="1" />
		</Extensions>
	</Project>
</CodeBlocks_project_file>
